[root]
name = "rust-chat"
version = "0.1.0"
dependencies = [
 "http-muncher 0.2.0 (registry+https://github.com/rust-lang/crates.io-index)",
 "mio 0.4.0 (git+https://github.com/carllerche/mio)",
 "rustc-serialize 0.3.15 (registry+https://github.com/rust-lang/crates.io-index)",
 "sha1 0.1.1 (registry+https://github.com/rust-lang/crates.io-index)",
]

[[package]]
name = "bitflags"
version = "0.1.1"
source = "registry+https://github.com/rust-lang/crates.io-index"

[[package]]
name = "byteorder"
version = "0.3.11"
source = "registry+https://github.com/rust-lang/crates.io-index"

[[package]]
name = "bytes"
version = "0.2.10"
source = "git+https://github.com/carllerche/bytes#d20661676fe7d31b11c2dadd5abcab3105e3d85f"

[[package]]
name = "clock_ticks"
version = "0.0.5"
source = "registry+https://github.com/rust-lang/crates.io-index"
dependencies = [
 "libc 0.1.8 (registry+https://github.com/rust-lang/crates.io-index)",
]

[[package]]
name = "gcc"
version = "0.3.8"
source = "registry+https://github.com/rust-lang/crates.io-index"

[[package]]
name = "http-muncher"
version = "0.2.0"
source = "registry+https://github.com/rust-lang/crates.io-index"
dependencies = [
 "gcc 0.3.8 (registry+https://github.com/rust-lang/crates.io-index)",
 "libc 0.1.8 (registry+https://github.com/rust-lang/crates.io-index)",
]

[[package]]
name = "libc"
version = "0.1.8"
source = "registry+https://github.com/rust-lang/crates.io-index"

[[package]]
name = "log"
version = "0.3.1"
source = "registry+https://github.com/rust-lang/crates.io-index"
dependencies = [
 "libc 0.1.8 (registry+https://github.com/rust-lang/crates.io-index)",
]

[[package]]
name = "mio"
version = "0.4.0"
source = "git+https://github.com/carllerche/mio#96506f2f8373b1a1fdc802a2af3cd92251d2cd82"
dependencies = [
 "bytes 0.2.10 (git+https://github.com/carllerche/bytes)",
 "clock_ticks 0.0.5 (registry+https://github.com/rust-lang/crates.io-index)",
 "libc 0.1.8 (registry+https://github.com/rust-lang/crates.io-index)",
 "log 0.3.1 (registry+https://github.com/rust-lang/crates.io-index)",
 "nix 0.3.9 (git+https://github.com/carllerche/nix-rust)",
 "slab 0.1.1 (registry+https://github.com/rust-lang/crates.io-index)",
 "winapi 0.2.0-pre (git+https://github.com/retep998/winapi-rs)",
]

[[package]]
name = "nix"
version = "0.3.9"
source = "git+https://github.com/carllerche/nix-rust#d49aa0737f3ed7734c2f4964cf0683f643144a60"
dependencies = [
 "bitflags 0.1.1 (registry+https://github.com/rust-lang/crates.io-index)",
 "libc 0.1.8 (registry+https://github.com/rust-lang/crates.io-index)",
]

[[package]]
name = "rustc-serialize"
version = "0.3.15"
source = "registry+https://github.com/rust-lang/crates.io-index"

[[package]]
name = "sha1"
version = "0.1.1"
source = "registry+https://github.com/rust-lang/crates.io-index"
dependencies = [
 "byteorder 0.3.11 (registry+https://github.com/rust-lang/crates.io-index)",
]

[[package]]
name = "slab"
version = "0.1.1"
source = "registry+https://github.com/rust-lang/crates.io-index"

[[package]]
name = "winapi"
version = "0.2.0-pre"
source = "git+https://github.com/retep998/winapi-rs#b3a7d6f828d1a4b48c7c41e9d7a15a70544d7974"

